// !$*UTF8*$!
{
	archiveVersion = 1;
	classes = {
	};
	objectVersion = 46;
	objects = {

/* Begin PBXBuildFile section */
		5832D84E1C730DB200FCBFD5 /* AppDelegate.swift in Sources */ = {isa = PBXBuildFile; fileRef = 5832D84D1C730DB200FCBFD5 /* AppDelegate.swift */; };
		5832D8501C730DB200FCBFD5 /* ViewController.swift in Sources */ = {isa = PBXBuildFile; fileRef = 5832D84F1C730DB200FCBFD5 /* ViewController.swift */; };
		5832D8531C730DB200FCBFD5 /* Main.storyboard in Resources */ = {isa = PBXBuildFile; fileRef = 5832D8511C730DB200FCBFD5 /* Main.storyboard */; };
		5832D8551C730DB200FCBFD5 /* Assets.xcassets in Resources */ = {isa = PBXBuildFile; fileRef = 5832D8541C730DB200FCBFD5 /* Assets.xcassets */; };
		5832D8581C730DB200FCBFD5 /* LaunchScreen.storyboard in Resources */ = {isa = PBXBuildFile; fileRef = 5832D8561C730DB200FCBFD5 /* LaunchScreen.storyboard */; };
		5832D8631C730DB200FCBFD5 /* TechMonTests.swift in Sources */ = {isa = PBXBuildFile; fileRef = 5832D8621C730DB200FCBFD5 /* TechMonTests.swift */; };
		5832D86E1C730DB200FCBFD5 /* TechMonUITests.swift in Sources */ = {isa = PBXBuildFile; fileRef = 5832D86D1C730DB200FCBFD5 /* TechMonUITests.swift */; };
		5832D8C11C731A6100FCBFD5 /* Default-568h@2x.png in Resources */ = {isa = PBXBuildFile; fileRef = 5832D8AB1C731A6100FCBFD5 /* Default-568h@2x.png */; };
		5832D8C21C731A6100FCBFD5 /* Default-667h@2x.png in Resources */ = {isa = PBXBuildFile; fileRef = 5832D8AC1C731A6100FCBFD5 /* Default-667h@2x.png */; };
		5832D8C31C731A6100FCBFD5 /* Default-736h@3x.png in Resources */ = {isa = PBXBuildFile; fileRef = 5832D8AD1C731A6100FCBFD5 /* Default-736h@3x.png */; };
		5832D8C41C731A6100FCBFD5 /* misaki_gothic.ttf in Resources */ = {isa = PBXBuildFile; fileRef = 5832D8AF1C731A6100FCBFD5 /* misaki_gothic.ttf */; };
		5832D8C51C731A6100FCBFD5 /* battlebg.png in Resources */ = {isa = PBXBuildFile; fileRef = 5832D8B11C731A6100FCBFD5 /* battlebg.png */; };
		5832D8C61C731A6100FCBFD5 /* bgimage.jpg in Resources */ = {isa = PBXBuildFile; fileRef = 5832D8B21C731A6100FCBFD5 /* bgimage.jpg */; };
		5832D8C71C731A6100FCBFD5 /* falcon.png in Resources */ = {isa = PBXBuildFile; fileRef = 5832D8B31C731A6100FCBFD5 /* falcon.png */; };
		5832D8C81C731A6100FCBFD5 /* gold_button.png in Resources */ = {isa = PBXBuildFile; fileRef = 5832D8B41C731A6100FCBFD5 /* gold_button.png */; };
		5832D8C91C731A6100FCBFD5 /* lobby.png in Resources */ = {isa = PBXBuildFile; fileRef = 5832D8B51C731A6100FCBFD5 /* lobby.png */; };
		5832D8CA1C731A6100FCBFD5 /* waku.png in Resources */ = {isa = PBXBuildFile; fileRef = 5832D8B61C731A6100FCBFD5 /* waku.png */; };
		5832D8CB1C731A6100FCBFD5 /* Enemy.swift in Sources */ = {isa = PBXBuildFile; fileRef = 5832D8B81C731A6100FCBFD5 /* Enemy.swift */; };
		5832D8CC1C731A6100FCBFD5 /* Player.swift in Sources */ = {isa = PBXBuildFile; fileRef = 5832D8B91C731A6100FCBFD5 /* Player.swift */; };
		5832D8CD1C731A6100FCBFD5 /* TechDraUtility.swift in Sources */ = {isa = PBXBuildFile; fileRef = 5832D8BA1C731A6100FCBFD5 /* TechDraUtility.swift */; };
		5832D8CE1C731A6100FCBFD5 /* BGM_battle001.mp3 in Resources */ = {isa = PBXBuildFile; fileRef = 5832D8BC1C731A6100FCBFD5 /* BGM_battle001.mp3 */; };
		5832D8CF1C731A6100FCBFD5 /* lobby.mp3 in Resources */ = {isa = PBXBuildFile; fileRef = 5832D8BD1C731A6100FCBFD5 /* lobby.mp3 */; };
		5832D8D01C731A6100FCBFD5 /* SE_attack.mp3 in Resources */ = {isa = PBXBuildFile; fileRef = 5832D8BE1C731A6100FCBFD5 /* SE_attack.mp3 */; };
		5832D8D11C731A6100FCBFD5 /* SE_fanfare.mp3 in Resources */ = {isa = PBXBuildFile; fileRef = 5832D8BF1C731A6100FCBFD5 /* SE_fanfare.mp3 */; };
		5832D8D21C731A6100FCBFD5 /* SE_gameover.mp3 in Resources */ = {isa = PBXBuildFile; fileRef = 5832D8C01C731A6100FCBFD5 /* SE_gameover.mp3 */; };
		5832D8D41C73224700FCBFD5 /* LobbyViewController.swift in Sources */ = {isa = PBXBuildFile; fileRef = 5832D8D31C73224700FCBFD5 /* LobbyViewController.swift */; };
/* End PBXBuildFile section */

/* Begin PBXContainerItemProxy section */
		5832D85F1C730DB200FCBFD5 /* PBXContainerItemProxy */ = {
			isa = PBXContainerItemProxy;
			containerPortal = 5832D8421C730DB200FCBFD5 /* Project object */;
			proxyType = 1;
			remoteGlobalIDString = 5832D8491C730DB200FCBFD5;
			remoteInfo = TechMon;
		};
		5832D86A1C730DB200FCBFD5 /* PBXContainerItemProxy */ = {
			isa = PBXContainerItemProxy;
			containerPortal = 5832D8421C730DB200FCBFD5 /* Project object */;
			proxyType = 1;
			remoteGlobalIDString = 5832D8491C730DB200FCBFD5;
			remoteInfo = TechMon;
		};
/* End PBXContainerItemProxy section */

/* Begin PBXFileReference section */
		5832D84A1C730DB200FCBFD5 /* TechMon.app */ = {isa = PBXFileReference; explicitFileType = wrapper.application; includeInIndex = 0; path = TechMon.app; sourceTree = BUILT_PRODUCTS_DIR; };
		5832D84D1C730DB200FCBFD5 /* AppDelegate.swift */ = {isa = PBXFileReference; lastKnownFileType = sourcecode.swift; path = AppDelegate.swift; sourceTree = "<group>"; };
		5832D84F1C730DB200FCBFD5 /* ViewController.swift */ = {isa = PBXFileReference; lastKnownFileType = sourcecode.swift; path = ViewController.swift; sourceTree = "<group>"; };
		5832D8521C730DB200FCBFD5 /* Base */ = {isa = PBXFileReference; lastKnownFileType = file.storyboard; name = Base; path = Base.lproj/Main.storyboard; sourceTree = "<group>"; };
		5832D8541C730DB200FCBFD5 /* Assets.xcassets */ = {isa = PBXFileReference; lastKnownFileType = folder.assetcatalog; path = Assets.xcassets; sourceTree = "<group>"; };
		5832D8571C730DB200FCBFD5 /* Base */ = {isa = PBXFileReference; lastKnownFileType = file.storyboard; name = Base; path = Base.lproj/LaunchScreen.storyboard; sourceTree = "<group>"; };
		5832D8591C730DB200FCBFD5 /* Info.plist */ = {isa = PBXFileReference; lastKnownFileType = text.plist.xml; path = Info.plist; sourceTree = "<group>"; };
		5832D85E1C730DB200FCBFD5 /* TechMonTests.xctest */ = {isa = PBXFileReference; explicitFileType = wrapper.cfbundle; includeInIndex = 0; path = TechMonTests.xctest; sourceTree = BUILT_PRODUCTS_DIR; };
		5832D8621C730DB200FCBFD5 /* TechMonTests.swift */ = {isa = PBXFileReference; lastKnownFileType = sourcecode.swift; path = TechMonTests.swift; sourceTree = "<group>"; };
		5832D8641C730DB200FCBFD5 /* Info.plist */ = {isa = PBXFileReference; lastKnownFileType = text.plist.xml; path = Info.plist; sourceTree = "<group>"; };
		5832D8691C730DB200FCBFD5 /* TechMonUITests.xctest */ = {isa = PBXFileReference; explicitFileType = wrapper.cfbundle; includeInIndex = 0; path = TechMonUITests.xctest; sourceTree = BUILT_PRODUCTS_DIR; };
		5832D86D1C730DB200FCBFD5 /* TechMonUITests.swift */ = {isa = PBXFileReference; lastKnownFileType = sourcecode.swift; path = TechMonUITests.swift; sourceTree = "<group>"; };
		5832D86F1C730DB200FCBFD5 /* Info.plist */ = {isa = PBXFileReference; lastKnownFileType = text.plist.xml; path = Info.plist; sourceTree = "<group>"; };
		5832D8AB1C731A6100FCBFD5 /* Default-568h@2x.png */ = {isa = PBXFileReference; lastKnownFileType = image.png; path = "Default-568h@2x.png"; sourceTree = "<group>"; };
		5832D8AC1C731A6100FCBFD5 /* Default-667h@2x.png */ = {isa = PBXFileReference; lastKnownFileType = image.png; path = "Default-667h@2x.png"; sourceTree = "<group>"; };
		5832D8AD1C731A6100FCBFD5 /* Default-736h@3x.png */ = {isa = PBXFileReference; lastKnownFileType = image.png; path = "Default-736h@3x.png"; sourceTree = "<group>"; };
		5832D8AF1C731A6100FCBFD5 /* misaki_gothic.ttf */ = {isa = PBXFileReference; lastKnownFileType = file; path = misaki_gothic.ttf; sourceTree = "<group>"; };
		5832D8B11C731A6100FCBFD5 /* battlebg.png */ = {isa = PBXFileReference; lastKnownFileType = image.png; path = battlebg.png; sourceTree = "<group>"; };
		5832D8B21C731A6100FCBFD5 /* bgimage.jpg */ = {isa = PBXFileReference; lastKnownFileType = image.jpeg; path = bgimage.jpg; sourceTree = "<group>"; };
		5832D8B31C731A6100FCBFD5 /* falcon.png */ = {isa = PBXFileReference; lastKnownFileType = image.png; path = falcon.png; sourceTree = "<group>"; };
		5832D8B41C731A6100FCBFD5 /* gold_button.png */ = {isa = PBXFileReference; lastKnownFileType = image.png; path = gold_button.png; sourceTree = "<group>"; };
		5832D8B51C731A6100FCBFD5 /* lobby.png */ = {isa = PBXFileReference; lastKnownFileType = image.png; path = lobby.png; sourceTree = "<group>"; };
		5832D8B61C731A6100FCBFD5 /* waku.png */ = {isa = PBXFileReference; lastKnownFileType = image.png; path = waku.png; sourceTree = "<group>"; };
		5832D8B81C731A6100FCBFD5 /* Enemy.swift */ = {isa = PBXFileReference; fileEncoding = 4; lastKnownFileType = sourcecode.swift; path = Enemy.swift; sourceTree = "<group>"; };
		5832D8B91C731A6100FCBFD5 /* Player.swift */ = {isa = PBXFileReference; fileEncoding = 4; lastKnownFileType = sourcecode.swift; path = Player.swift; sourceTree = "<group>"; };
		5832D8BA1C731A6100FCBFD5 /* TechDraUtility.swift */ = {isa = PBXFileReference; fileEncoding = 4; lastKnownFileType = sourcecode.swift; path = TechDraUtility.swift; sourceTree = "<group>"; };
		5832D8BC1C731A6100FCBFD5 /* BGM_battle001.mp3 */ = {isa = PBXFileReference; lastKnownFileType = audio.mp3; path = BGM_battle001.mp3; sourceTree = "<group>"; };
		5832D8BD1C731A6100FCBFD5 /* lobby.mp3 */ = {isa = PBXFileReference; lastKnownFileType = audio.mp3; path = lobby.mp3; sourceTree = "<group>"; };
		5832D8BE1C731A6100FCBFD5 /* SE_attack.mp3 */ = {isa = PBXFileReference; lastKnownFileType = audio.mp3; path = SE_attack.mp3; sourceTree = "<group>"; };
		5832D8BF1C731A6100FCBFD5 /* SE_fanfare.mp3 */ = {isa = PBXFileReference; lastKnownFileType = audio.mp3; path = SE_fanfare.mp3; sourceTree = "<group>"; };
		5832D8C01C731A6100FCBFD5 /* SE_gameover.mp3 */ = {isa = PBXFileReference; lastKnownFileType = audio.mp3; path = SE_gameover.mp3; sourceTree = "<group>"; };
		5832D8D31C73224700FCBFD5 /* LobbyViewController.swift */ = {isa = PBXFileReference; fileEncoding = 4; lastKnownFileType = sourcecode.swift; name = LobbyViewController.swift; path = ../LobbyViewController.swift; sourceTree = "<group>"; };
/* End PBXFileReference section */

/* Begin PBXFrameworksBuildPhase section */
		5832D8471C730DB200FCBFD5 /* Frameworks */ = {
			isa = PBXFrameworksBuildPhase;
			buildActionMask = 2147483647;
			files = (
			);
			runOnlyForDeploymentPostprocessing = 0;
		};
		5832D85B1C730DB200FCBFD5 /* Frameworks */ = {
			isa = PBXFrameworksBuildPhase;
			buildActionMask = 2147483647;
			files = (
			);
			runOnlyForDeploymentPostprocessing = 0;
		};
		5832D8661C730DB200FCBFD5 /* Frameworks */ = {
			isa = PBXFrameworksBuildPhase;
			buildActionMask = 2147483647;
			files = (
			);
			runOnlyForDeploymentPostprocessing = 0;
		};
/* End PBXFrameworksBuildPhase section */

/* Begin PBXGroup section */
		5832D8411C730DB200FCBFD5 = {
			isa = PBXGroup;
			children = (
				5832D8A91C731A6100FCBFD5 /* TechMon_Resources */,
				5832D84C1C730DB200FCBFD5 /* TechMon */,
				5832D8611C730DB200FCBFD5 /* TechMonTests */,
				5832D86C1C730DB200FCBFD5 /* TechMonUITests */,
				5832D84B1C730DB200FCBFD5 /* Products */,
			);
			sourceTree = "<group>";
		};
		5832D84B1C730DB200FCBFD5 /* Products */ = {
			isa = PBXGroup;
			children = (
				5832D84A1C730DB200FCBFD5 /* TechMon.app */,
				5832D85E1C730DB200FCBFD5 /* TechMonTests.xctest */,
				5832D8691C730DB200FCBFD5 /* TechMonUITests.xctest */,
			);
			name = Products;
			sourceTree = "<group>";
		};
		5832D84C1C730DB200FCBFD5 /* TechMon */ = {
			isa = PBXGroup;
			children = (
				5832D84D1C730DB200FCBFD5 /* AppDelegate.swift */,
				5832D8D31C73224700FCBFD5 /* LobbyViewController.swift */,
				5832D84F1C730DB200FCBFD5 /* ViewController.swift */,
				5832D8511C730DB200FCBFD5 /* Main.storyboard */,
				5832D8541C730DB200FCBFD5 /* Assets.xcassets */,
				5832D8561C730DB200FCBFD5 /* LaunchScreen.storyboard */,
				5832D8591C730DB200FCBFD5 /* Info.plist */,
			);
			path = TechMon;
			sourceTree = "<group>";
		};
		5832D8611C730DB200FCBFD5 /* TechMonTests */ = {
			isa = PBXGroup;
			children = (
				5832D8621C730DB200FCBFD5 /* TechMonTests.swift */,
				5832D8641C730DB200FCBFD5 /* Info.plist */,
			);
			path = TechMonTests;
			sourceTree = "<group>";
		};
		5832D86C1C730DB200FCBFD5 /* TechMonUITests */ = {
			isa = PBXGroup;
			children = (
				5832D86D1C730DB200FCBFD5 /* TechMonUITests.swift */,
				5832D86F1C730DB200FCBFD5 /* Info.plist */,
			);
			path = TechMonUITests;
			sourceTree = "<group>";
		};
		5832D8A91C731A6100FCBFD5 /* TechMon_Resources */ = {
			isa = PBXGroup;
			children = (
				5832D8AA1C731A6100FCBFD5 /* Defaults */,
				5832D8AE1C731A6100FCBFD5 /* Fonts */,
				5832D8B01C731A6100FCBFD5 /* Images */,
				5832D8B71C731A6100FCBFD5 /* Models */,
				5832D8BB1C731A6100FCBFD5 /* Sounds */,
			);
			path = TechMon_Resources;
			sourceTree = "<group>";
		};
		5832D8AA1C731A6100FCBFD5 /* Defaults */ = {
			isa = PBXGroup;
			children = (
				5832D8AB1C731A6100FCBFD5 /* Default-568h@2x.png */,
				5832D8AC1C731A6100FCBFD5 /* Default-667h@2x.png */,
				5832D8AD1C731A6100FCBFD5 /* Default-736h@3x.png */,
			);
			path = Defaults;
			sourceTree = "<group>";
		};
		5832D8AE1C731A6100FCBFD5 /* Fonts */ = {
			isa = PBXGroup;
			children = (
				5832D8AF1C731A6100FCBFD5 /* misaki_gothic.ttf */,
			);
			path = Fonts;
			sourceTree = "<group>";
		};
		5832D8B01C731A6100FCBFD5 /* Images */ = {
			isa = PBXGroup;
			children = (
				5832D8B11C731A6100FCBFD5 /* battlebg.png */,
				5832D8B21C731A6100FCBFD5 /* bgimage.jpg */,
				5832D8B31C731A6100FCBFD5 /* falcon.png */,
				5832D8B41C731A6100FCBFD5 /* gold_button.png */,
				5832D8B51C731A6100FCBFD5 /* lobby.png */,
				5832D8B61C731A6100FCBFD5 /* waku.png */,
			);
			path = Images;
			sourceTree = "<group>";
		};
		5832D8B71C731A6100FCBFD5 /* Models */ = {
			isa = PBXGroup;
			children = (
				5832D8B81C731A6100FCBFD5 /* Enemy.swift */,
				5832D8B91C731A6100FCBFD5 /* Player.swift */,
				5832D8BA1C731A6100FCBFD5 /* TechDraUtility.swift */,
			);
			path = Models;
			sourceTree = "<group>";
		};
		5832D8BB1C731A6100FCBFD5 /* Sounds */ = {
			isa = PBXGroup;
			children = (
				5832D8BC1C731A6100FCBFD5 /* BGM_battle001.mp3 */,
				5832D8BD1C731A6100FCBFD5 /* lobby.mp3 */,
				5832D8BE1C731A6100FCBFD5 /* SE_attack.mp3 */,
				5832D8BF1C731A6100FCBFD5 /* SE_fanfare.mp3 */,
				5832D8C01C731A6100FCBFD5 /* SE_gameover.mp3 */,
			);
			path = Sounds;
			sourceTree = "<group>";
		};
/* End PBXGroup section */

/* Begin PBXNativeTarget section */
		5832D8491C730DB200FCBFD5 /* TechMon */ = {
			isa = PBXNativeTarget;
			buildConfigurationList = 5832D8721C730DB200FCBFD5 /* Build configuration list for PBXNativeTarget "TechMon" */;
			buildPhases = (
				5832D8461C730DB200FCBFD5 /* Sources */,
				5832D8471C730DB200FCBFD5 /* Frameworks */,
				5832D8481C730DB200FCBFD5 /* Resources */,
			);
			buildRules = (
			);
			dependencies = (
			);
			name = TechMon;
			productName = TechMon;
			productReference = 5832D84A1C730DB200FCBFD5 /* TechMon.app */;
			productType = "com.apple.product-type.application";
		};
		5832D85D1C730DB200FCBFD5 /* TechMonTests */ = {
			isa = PBXNativeTarget;
			buildConfigurationList = 5832D8751C730DB200FCBFD5 /* Build configuration list for PBXNativeTarget "TechMonTests" */;
			buildPhases = (
				5832D85A1C730DB200FCBFD5 /* Sources */,
				5832D85B1C730DB200FCBFD5 /* Frameworks */,
				5832D85C1C730DB200FCBFD5 /* Resources */,
			);
			buildRules = (
			);
			dependencies = (
				5832D8601C730DB200FCBFD5 /* PBXTargetDependency */,
			);
			name = TechMonTests;
			productName = TechMonTests;
			productReference = 5832D85E1C730DB200FCBFD5 /* TechMonTests.xctest */;
			productType = "com.apple.product-type.bundle.unit-test";
		};
		5832D8681C730DB200FCBFD5 /* TechMonUITests */ = {
			isa = PBXNativeTarget;
			buildConfigurationList = 5832D8781C730DB200FCBFD5 /* Build configuration list for PBXNativeTarget "TechMonUITests" */;
			buildPhases = (
				5832D8651C730DB200FCBFD5 /* Sources */,
				5832D8661C730DB200FCBFD5 /* Frameworks */,
				5832D8671C730DB200FCBFD5 /* Resources */,
			);
			buildRules = (
			);
			dependencies = (
				5832D86B1C730DB200FCBFD5 /* PBXTargetDependency */,
			);
			name = TechMonUITests;
			productName = TechMonUITests;
			productReference = 5832D8691C730DB200FCBFD5 /* TechMonUITests.xctest */;
			productType = "com.apple.product-type.bundle.ui-testing";
		};
/* End PBXNativeTarget section */

/* Begin PBXProject section */
		5832D8421C730DB200FCBFD5 /* Project object */ = {
			isa = PBXProject;
			attributes = {
				LastSwiftUpdateCheck = 0720;
				LastUpgradeCheck = 0720;
				ORGANIZATIONNAME = "Aoi Sakaue";
				TargetAttributes = {
					5832D8491C730DB200FCBFD5 = {
						CreatedOnToolsVersion = 7.2.1;
						DevelopmentTeam = UZZ5WC8E2Y;
					};
					5832D85D1C730DB200FCBFD5 = {
						CreatedOnToolsVersion = 7.2.1;
						DevelopmentTeam = UZZ5WC8E2Y;
						TestTargetID = 5832D8491C730DB200FCBFD5;
					};
					5832D8681C730DB200FCBFD5 = {
						CreatedOnToolsVersion = 7.2.1;
						DevelopmentTeam = UZZ5WC8E2Y;
						TestTargetID = 5832D8491C730DB200FCBFD5;
					};
				};
			};
			buildConfigurationList = 5832D8451C730DB200FCBFD5 /* Build configuration list for PBXProject "TechMon" */;
			compatibilityVersion = "Xcode 3.2";
			developmentRegion = English;
			hasScannedForEncodings = 0;
			knownRegions = (
				en,
				Base,
			);
			mainGroup = 5832D8411C730DB200FCBFD5;
			productRefGroup = 5832D84B1C730DB200FCBFD5 /* Products */;
			projectDirPath = "";
			projectRoot = "";
			targets = (
				5832D8491C730DB200FCBFD5 /* TechMon */,
				5832D85D1C730DB200FCBFD5 /* TechMonTests */,
				5832D8681C730DB200FCBFD5 /* TechMonUITests */,
			);
		};
/* End PBXProject section */

/* Begin PBXResourcesBuildPhase section */
		5832D8481C730DB200FCBFD5 /* Resources */ = {
			isa = PBXResourcesBuildPhase;
			buildActionMask = 2147483647;
			files = (
				5832D8CA1C731A6100FCBFD5 /* waku.png in Resources */,
				5832D8D11C731A6100FCBFD5 /* SE_fanfare.mp3 in Resources */,
				5832D8581C730DB200FCBFD5 /* LaunchScreen.storyboard in Resources */,
				5832D8C81C731A6100FCBFD5 /* gold_button.png in Resources */,
				5832D8CE1C731A6100FCBFD5 /* BGM_battle001.mp3 in Resources */,
				5832D8CF1C731A6100FCBFD5 /* lobby.mp3 in Resources */,
				5832D8C41C731A6100FCBFD5 /* misaki_gothic.ttf in Resources */,
				5832D8C11C731A6100FCBFD5 /* Default-568h@2x.png in Resources */,
				5832D8C91C731A6100FCBFD5 /* lobby.png in Resources */,
				5832D8551C730DB200FCBFD5 /* Assets.xcassets in Resources */,
				5832D8C51C731A6100FCBFD5 /* battlebg.png in Resources */,
				5832D8D01C731A6100FCBFD5 /* SE_attack.mp3 in Resources */,
				5832D8D21C731A6100FCBFD5 /* SE_gameover.mp3 in Resources */,
				5832D8531C730DB200FCBFD5 /* Main.storyboard in Resources */,
				5832D8C61C731A6100FCBFD5 /* bgimage.jpg in Resources */,
				5832D8C21C731A6100FCBFD5 /* Default-667h@2x.png in Resources */,
				5832D8C71C731A6100FCBFD5 /* falcon.png in Resources */,
				5832D8C31C731A6100FCBFD5 /* Default-736h@3x.png in Resources */,
			);
			runOnlyForDeploymentPostprocessing = 0;
		};
		5832D85C1C730DB200FCBFD5 /* Resources */ = {
			isa = PBXResourcesBuildPhase;
			buildActionMask = 2147483647;
			files = (
			);
			runOnlyForDeploymentPostprocessing = 0;
		};
		5832D8671C730DB200FCBFD5 /* Resources */ = {
			isa = PBXResourcesBuildPhase;
			buildActionMask = 2147483647;
			files = (
			);
			runOnlyForDeploymentPostprocessing = 0;
		};
/* End PBXResourcesBuildPhase section */

/* Begin PBXSourcesBuildPhase section */
		5832D8461C730DB200FCBFD5 /* Sources */ = {
			isa = PBXSourcesBuildPhase;
			buildActionMask = 2147483647;
			files = (
				5832D8CC1C731A6100FCBFD5 /* Player.swift in Sources */,
				5832D8CD1C731A6100FCBFD5 /* TechDraUtility.swift in Sources */,
				5832D8501C730DB200FCBFD5 /* ViewController.swift in Sources */,
				5832D8D41C73224700FCBFD5 /* LobbyViewController.swift in Sources */,
				5832D84E1C730DB200FCBFD5 /* AppDelegate.swift in Sources */,
				5832D8CB1C731A6100FCBFD5 /* Enemy.swift in Sources */,
			);
			runOnlyForDeploymentPostprocessing = 0;
		};
		5832D85A1C730DB200FCBFD5 /* Sources */ = {
			isa = PBXSourcesBuildPhase;
			buildActionMask = 2147483647;
			files = (
				5832D8631C730DB200FCBFD5 /* TechMonTests.swift in Sources */,
			);
			runOnlyForDeploymentPostprocessing = 0;
		};
		5832D8651C730DB200FCBFD5 /* Sources */ = {
			isa = PBXSourcesBuildPhase;
			buildActionMask = 2147483647;
			files = (
				5832D86E1C730DB200FCBFD5 /* TechMonUITests.swift in Sources */,
			);
			runOnlyForDeploymentPostprocessing = 0;
		};
/* End PBXSourcesBuildPhase section */

/* Begin PBXTargetDependency section */
		5832D8601C730DB200FCBFD5 /* PBXTargetDependency */ = {
			isa = PBXTargetDependency;
			target = 5832D8491C730DB200FCBFD5 /* TechMon */;
			targetProxy = 5832D85F1C730DB200FCBFD5 /* PBXContainerItemProxy */;
		};
		5832D86B1C730DB200FCBFD5 /* PBXTargetDependency */ = {
			isa = PBXTargetDependency;
			target = 5832D8491C730DB200FCBFD5 /* TechMon */;
			targetProxy = 5832D86A1C730DB200FCBFD5 /* PBXContainerItemProxy */;
		};
/* End PBXTargetDependency section */

/* Begin PBXVariantGroup section */
		5832D8511C730DB200FCBFD5 /* Main.storyboard */ = {
			isa = PBXVariantGroup;
			children = (
				5832D8521C730DB200FCBFD5 /* Base */,
			);
			name = Main.storyboard;
			sourceTree = "<group>";
		};
		5832D8561C730DB200FCBFD5 /* LaunchScreen.storyboard */ = {
			isa = PBXVariantGroup;
			children = (
				5832D8571C730DB200FCBFD5 /* Base */,
			);
			name = LaunchScreen.storyboard;
			sourceTree = "<group>";
		};
/* End PBXVariantGroup section */

/* Begin XCBuildConfiguration section */
		5832D8701C730DB200FCBFD5 /* Debug */ = {
			isa = XCBuildConfiguration;
			buildSettings = {
				ALWAYS_SEARCH_USER_PATHS = NO;
				CLANG_CXX_LANGUAGE_STANDARD = "gnu++0x";
				CLANG_CXX_LIBRARY = "libc++";
				CLANG_ENABLE_MODULES = YES;
				CLANG_ENABLE_OBJC_ARC = YES;
				CLANG_WARN_BOOL_CONVERSION = YES;
				CLANG_WARN_CONSTANT_CONVERSION = YES;
				CLANG_WARN_DIRECT_OBJC_ISA_USAGE = YES_ERROR;
				CLANG_WARN_EMPTY_BODY = YES;
				CLANG_WARN_ENUM_CONVERSION = YES;
				CLANG_WARN_INT_CONVERSION = YES;
				CLANG_WARN_OBJC_ROOT_CLASS = YES_ERROR;
				CLANG_WARN_UNREACHABLE_CODE = YES;
				CLANG_WARN__DUPLICATE_METHOD_MATCH = YES;
				"CODE_SIGN_IDENTITY[sdk=iphoneos*]" = "iPhone Developer";
				COPY_PHASE_STRIP = NO;
				DEBUG_INFORMATION_FORMAT = dwarf;
				ENABLE_STRICT_OBJC_MSGSEND = YES;
				ENABLE_TESTABILITY = YES;
				GCC_C_LANGUAGE_STANDARD = gnu99;
				GCC_DYNAMIC_NO_PIC = NO;
				GCC_NO_COMMON_BLOCKS = YES;
				GCC_OPTIMIZATION_LEVEL = 0;
				GCC_PREPROCESSOR_DEFINITIONS = (
					"DEBUG=1",
					"$(inherited)",
				);
				GCC_WARN_64_TO_32_BIT_CONVERSION = YES;
				GCC_WARN_ABOUT_RETURN_TYPE = YES_ERROR;
				GCC_WARN_UNDECLARED_SELECTOR = YES;
				GCC_WARN_UNINITIALIZED_AUTOS = YES_AGGRESSIVE;
				GCC_WARN_UNUSED_FUNCTION = YES;
				GCC_WARN_UNUSED_VARIABLE = YES;
				IPHONEOS_DEPLOYMENT_TARGET = 9.2;
				MTL_ENABLE_DEBUG_INFO = YES;
				ONLY_ACTIVE_ARCH = YES;
				SDKROOT = iphoneos;
				SWIFT_OPTIMIZATION_LEVEL = "-Onone";
			};
			name = Debug;
		};
		5832D8711C730DB200FCBFD5 /* Release */ = {
			isa = XCBuildConfiguration;
			buildSettings = {
				ALWAYS_SEARCH_USER_PATHS = NO;
				CLANG_CXX_LANGUAGE_STANDARD = "gnu++0x";
				CLANG_CXX_LIBRARY = "libc++";
				CLANG_ENABLE_MODULES = YES;
				CLANG_ENABLE_OBJC_ARC = YES;
				CLANG_WARN_BOOL_CONVERSION = YES;
				CLANG_WARN_CONSTANT_CONVERSION = YES;
				CLANG_WARN_DIRECT_OBJC_ISA_USAGE = YES_ERROR;
				CLANG_WARN_EMPTY_BODY = YES;
				CLANG_WARN_ENUM_CONVERSION = YES;
				CLANG_WARN_INT_CONVERSION = YES;
				CLANG_WARN_OBJC_ROOT_CLASS = YES_ERROR;
				CLANG_WARN_UNREACHABLE_CODE = YES;
				CLANG_WARN__DUPLICATE_METHOD_MATCH = YES;
				"CODE_SIGN_IDENTITY[sdk=iphoneos*]" = "iPhone Developer";
				COPY_PHASE_STRIP = NO;
				DEBUG_INFORMATION_FORMAT = "dwarf-with-dsym";
				ENABLE_NS_ASSERTIONS = NO;
				ENABLE_STRICT_OBJC_MSGSEND = YES;
				GCC_C_LANGUAGE_STANDARD = gnu99;
				GCC_NO_COMMON_BLOCKS = YES;
				GCC_WARN_64_TO_32_BIT_CONVERSION = YES;
				GCC_WARN_ABOUT_RETURN_TYPE = YES_ERROR;
				GCC_WARN_UNDECLARED_SELECTOR = YES;
				GCC_WARN_UNINITIALIZED_AUTOS = YES_AGGRESSIVE;
				GCC_WARN_UNUSED_FUNCTION = YES;
				GCC_WARN_UNUSED_VARIABLE = YES;
				IPHONEOS_DEPLOYMENT_TARGET = 9.2;
				MTL_ENABLE_DEBUG_INFO = NO;
				SDKROOT = iphoneos;
				VALIDATE_PRODUCT = YES;
			};
			name = Release;
		};
		5832D8731C730DB200FCBFD5 /* Debug */ = {
			isa = XCBuildConfiguration;
			buildSettings = {
				ASSETCATALOG_COMPILER_APPICON_NAME = AppIcon;
				INFOPLIST_FILE = TechMon/Info.plist;
				IPHONEOS_DEPLOYMENT_TARGET = 8.0;
				LD_RUNPATH_SEARCH_PATHS = "$(inherited) @executable_path/Frameworks";
				PRODUCT_BUNDLE_IDENTIFIER = com.litech.TechMon;
				PRODUCT_NAME = "$(TARGET_NAME)";
			};
			name = Debug;
		};
		5832D8741C730DB200FCBFD5 /* Release */ = {
			isa = XCBuildConfiguration;
			buildSettings = {
				ASSETCATALOG_COMPILER_APPICON_NAME = AppIcon;
				INFOPLIST_FILE = TechMon/Info.plist;
				IPHONEOS_DEPLOYMENT_TARGET = 8.0;
				LD_RUNPATH_SEARCH_PATHS = "$(inherited) @executable_path/Frameworks";
				PRODUCT_BUNDLE_IDENTIFIER = com.litech.TechMon;
				PRODUCT_NAME = "$(TARGET_NAME)";
			};
			name = Release;
		};
		5832D8761C730DB200FCBFD5 /* Debug */ = {
			isa = XCBuildConfiguration;
			buildSettings = {
				BUNDLE_LOADER = "$(TEST_HOST)";
				INFOPLIST_FILE = TechMonTests/Info.plist;
				LD_RUNPATH_SEARCH_PATHS = "$(inherited) @executable_path/Frameworks @loader_path/Frameworks";
				PRODUCT_BUNDLE_IDENTIFIER = com.litech.TechMonTests;
				PRODUCT_NAME = "$(TARGET_NAME)";
				TEST_HOST = "$(BUILT_PRODUCTS_DIR)/TechMon.app/TechMon";
			};
			name = Debug;
		};
		5832D8771C730DB200FCBFD5 /* Release */ = {
			isa = XCBuildConfiguration;
			buildSettings = {
				BUNDLE_LOADER = "$(TEST_HOST)";
				INFOPLIST_FILE = TechMonTests/Info.plist;
				LD_RUNPATH_SEARCH_PATHS = "$(inherited) @executable_path/Frameworks @loader_path/Frameworks";
				PRODUCT_BUNDLE_IDENTIFIER = com.litech.TechMonTests;
				PRODUCT_NAME = "$(TARGET_NAME)";
				TEST_HOST = "$(BUILT_PRODUCTS_DIR)/TechMon.app/TechMon";
			};
			name = Release;
		};
		5832D8791C730DB200FCBFD5 /* Debug */ = {
			isa = XCBuildConfiguration;
			buildSettings = {
				INFOPLIST_FILE = TechMonUITests/Info.plist;
				LD_RUNPATH_SEARCH_PATHS = "$(inherited) @executable_path/Frameworks @loader_path/Frameworks";
				PRODUCT_BUNDLE_IDENTIFIER = com.litech.TechMonUITests;
				PRODUCT_NAME = "$(TARGET_NAME)";
				TEST_TARGET_NAME = TechMon;
				USES_XCTRUNNER = YES;
			};
			name = Debug;
		};
		5832D87A1C730DB200FCBFD5 /* Release */ = {
			isa = XCBuildConfiguration;
			buildSettings = {
				INFOPLIST_FILE = TechMonUITests/Info.plist;
				LD_RUNPATH_SEARCH_PATHS = "$(inherited) @executable_path/Frameworks @loader_path/Frameworks";
				PRODUCT_BUNDLE_IDENTIFIER = com.litech.TechMonUITests;
				PRODUCT_NAME = "$(TARGET_NAME)";
				TEST_TARGET_NAME = TechMon;
				USES_XCTRUNNER = YES;
			};
			name = Release;
		};
/* End XCBuildConfiguration section */

/* Begin XCConfigurationList section */
		5832D8451C730DB200FCBFD5 /* Build configuration list for PBXProject "TechMon" */ = {
			isa = XCConfigurationList;
			buildConfigurations = (
				5832D8701C730DB200FCBFD5 /* Debug */,
				5832D8711C730DB200FCBFD5 /* Release */,
			);
			defaultConfigurationIsVisible = 0;
			defaultConfigurationName = Release;
		};
		5832D8721C730DB200FCBFD5 /* Build configuration list for PBXNativeTarget "TechMon" */ = {
			isa = XCConfigurationList;
			buildConfigurations = (
				5832D8731C730DB200FCBFD5 /* Debug */,
				5832D8741C730DB200FCBFD5 /* Release */,
			);
			defaultConfigurationIsVisible = 0;
		};
		5832D8751C730DB200FCBFD5 /* Build configuration list for PBXNativeTarget "TechMonTests" */ = {
			isa = XCConfigurationList;
			buildConfigurations = (
				5832D8761C730DB200FCBFD5 /* Debug */,
				5832D8771C730DB200FCBFD5 /* Release */,
			);
			defaultConfigurationIsVisible = 0;
		};
		5832D8781C730DB200FCBFD5 /* Build configuration list for PBXNativeTarget "TechMonUITests" */ = {
			isa = XCConfigurationList;
			buildConfigurations = (
				5832D8791C730DB200FCBFD5 /* Debug */,
				5832D87A1C730DB200FCBFD5 /* Release */,
			);
			defaultConfigurationIsVisible = 0;
		};
/* End XCConfigurationList section */
	};
	rootObject = 5832D8421C730DB200FCBFD5 /* Project object */;
}
